PODS:
  - safari-extension-walletlib-swift (0.2.0)

DEPENDENCIES:
  - safari-extension-walletlib-swift (~> 0.2)

SPEC REPOS:
  trunk:
    - safari-extension-walletlib-swift

SPEC CHECKSUMS:
  safari-extension-walletlib-swift: d83449c215c502a75907458187fb1e46384c9843

PODFILE CHECKSUM: 2497cda7e35ffa3299003f1140186814f7868289

COCOAPODS: 1.12.0
